{
  "name": "high",
  "requires": true,
  "lockfileVersion": 1,
  "dependencies": {
    "highcharts": {
      "version": "7.1.0",
      "resolved": "https://registry.npmjs.org/highcharts/-/highcharts-7.1.0.tgz",
      "integrity": "sha512-pqlnOhH0/+j1KLEP8GQaHiS4VgMUDyyfuACRNRoAsfyyCaV+bL618JLKp5Wi4f2h7qRgT7S03NQYbR1ixKbw0A=="
    },
    "highcharts-drilldown": {
      "version": "0.1.7",
      "resolved": "https://registry.npmjs.org/highcharts-drilldown/-/highcharts-drilldown-0.1.7.tgz",
      "integrity": "sha1-Sf5iOLiuFnHgONYHHM8zRPu4nSc="
    },
    "highcharts-more": {
      "version": "0.1.7",
      "resolved": "https://registry.npmjs.org/highcharts-more/-/highcharts-more-0.1.7.tgz",
      "integrity": "sha1-Q81idMzLpEMWbJTUU22QS7q/nHc="
    },
    "highcharts-treemap": {
      "version": "0.1.7",
      "resolved": "https://registry.npmjs.org/highcharts-treemap/-/highcharts-treemap-0.1.7.tgz",
      "integrity": "sha1-0IaJI+hfGV6ir8WpDaXQBhh+UIY="
    }
  }
}
